
Microsoft Visual Studio Solution File, Format Version 12.00
# Visual Studio Version 17
VisualStudioVersion = 17.0.32014.148
MinimumVisualStudioVersion = 10.0.40219.1
Project("{8BC9CEB8-8B4A-11D0-8D11-00A0C91BC942}") = "LuckySeven", "LuckySeven\LuckySeven.vcxproj", "{450A7FD9-9B37-4D39-88CE-813A9EE5FF43}"
EndProject
Global
	GlobalSection(SolutionConfigurationPlatforms) = preSolution
		Debug|x64 = Debug|x64
		Debug|x86 = Debug|x86
		Release|x64 = Release|x64
		Release|x86 = Release|x86
	EndGlobalSection
	GlobalSection(ProjectConfigurationPlatforms) = postSolution
		{450A7FD9-9B37-4D39-88CE-813A9EE5FF43}.Debug|x64.ActiveCfg = Debug|x64
		{450A7FD9-9B37-4D39-88CE-813A9EE5FF43}.Debug|x64.Build.0 = Debug|x64
		{450A7FD9-9B37-4D39-88CE-813A9EE5FF43}.Debug|x86.ActiveCfg = Debug|Win32
		{450A7FD9-9B37-4D39-88CE-813A9EE5FF43}.Debug|x86.Build.0 = Debug|Win32
		{450A7FD9-9B37-4D39-88CE-813A9EE5FF43}.Release|x64.ActiveCfg = Release|x64
		{450A7FD9-9B37-4D39-88CE-813A9EE5FF43}.Release|x64.Build.0 = Release|x64
		{450A7FD9-9B37-4D39-88CE-813A9EE5FF43}.Release|x86.ActiveCfg = Release|Win32
		{450A7FD9-9B37-4D39-88CE-813A9EE5FF43}.Release|x86.Build.0 = Release|Win32
	EndGlobalSection
	GlobalSection(SolutionProperties) = preSolution
		HideSolutionNode = FALSE
	EndGlobalSection
	GlobalSection(ExtensibilityGlobals) = postSolution
		SolutionGuid = {920D1866-E02B-474D-839F-60FBECF0B884}
	EndGlobalSection
EndGlobal
